go.sancus.dev/web v0.7.0 h1:yoDGT+bWhr4yulRv2ouhIqLGamy6QIokdtf/Imvvf4o=
go.sancus.dev/web v0.7.0/go.mod h1:cyTmOsurEo7XLy8abXUmobc5ViHHdxSK/rse/h9HCIg=
gopkg.in/gcfg.v1 v1.2.3 h1:m8OOJ4ccYHnx2f4gQwpno8nAX5OGOh7RLaaz0pj3Ogs=
gopkg.in/gcfg.v1 v1.2.3/go.mod h1:yesOnuUOFQAhST5vPY4nbZsb/huCgGGXlipJsBn0b3o=
gopkg.in/warnings.v0 v0.1.2 h1:wFXVbFY8DY5/xOe1ECiWdKCzZlxgshcYVNkBHstARME=
gopkg.in/warnings.v0 v0.1.2/go.mod h1:jksf8JmL6Qr/oQM2OXTHunEvvTAsrWBLb6OOjuVWRNI=
